{
  "nodes": {
    "nixpkgs": {
      "locked": {
        "lastModified": 1787001381,
        "narHash": "sha256-6Qso3az0lZx+zxDQOhEvNUfJMqqq9tcjrLhsCAswAvs=",
        "rev": "ec2d622de0773551768cf98f3fc50cbcc003b9c5",
        "type": "tarball",
        "url": "https://releases.nixos.org/nixos/unstable/nixos-26.11pre1057119.ec2d622de077/nixexprs.tar.xz"
      },
      "original": {
        "id": "nixpkgs",
        "ref": "nixos-unstable",
        "type": "indirect"
      }
    },
    "root": {
      "inputs": {
        "nixpkgs": "nixpkgs"
      }
    }
  },
  "root": "root",
  "version": 7
}
